{
  "name": "objdata_php",
  "lockfileVersion": 3,
  "requires": true,
  "packages": {
    "": {
      "dependencies": {
        "@jaisocx/objdata": "^2.1.1"
      }
    },
    "node_modules/@jaisocx/objdata": {
      "version": "2.1.1",
      "resolved": "https://registry.npmjs.org/@jaisocx/objdata/-/objdata-2.1.1.tgz",
      "integrity": "sha512-jOAsCSjFPPzu4AWuueoznfbvKkH0VNQDOoQ9Rdd0UZAMccRQjHttsfYdIsYJQbTZ+6OnKqHWNUCwaJwRKIsx4Q=="
    }
  }
}
